
Microsoft Visual Studio Solution File, Format Version 10.00
# Visual Studio 2008
Project("{8BC9CEB8-8B4A-11D0-8D11-00A0C91BC942}") = "model3d", "..\..\model3d\model3d.vcproj", "{78429FB6-D4A8-40DB-B2A8-8307477E71DD}"
EndProject
Project("{8BC9CEB8-8B4A-11D0-8D11-00A0C91BC942}") = "Utils", "..\..\utils\Utils.vcproj", "{D45EC2C1-8F7B-4894-82C9-5045607F9ED6}"
EndProject
Project("{8BC9CEB8-8B4A-11D0-8D11-00A0C91BC942}") = "simpleik", "simpleik.vcproj", "{3CDC2A09-7B36-4167-BCD6-01C97F72F907}"
	ProjectSection(ProjectDependencies) = postProject
		{78429FB6-D4A8-40DB-B2A8-8307477E71DD} = {78429FB6-D4A8-40DB-B2A8-8307477E71DD}
		{D45EC2C1-8F7B-4894-82C9-5045607F9ED6} = {D45EC2C1-8F7B-4894-82C9-5045607F9ED6}
	EndProjectSection
EndProject
Global
	GlobalSection(SolutionConfigurationPlatforms) = preSolution
		Debug|Win32 = Debug|Win32
		Release|Win32 = Release|Win32
	EndGlobalSection
	GlobalSection(ProjectConfigurationPlatforms) = postSolution
		{78429FB6-D4A8-40DB-B2A8-8307477E71DD}.Debug|Win32.ActiveCfg = Debug|Win32
		{78429FB6-D4A8-40DB-B2A8-8307477E71DD}.Debug|Win32.Build.0 = Debug|Win32
		{78429FB6-D4A8-40DB-B2A8-8307477E71DD}.Release|Win32.ActiveCfg = Release|Win32
		{78429FB6-D4A8-40DB-B2A8-8307477E71DD}.Release|Win32.Build.0 = Release|Win32
		{D45EC2C1-8F7B-4894-82C9-5045607F9ED6}.Debug|Win32.ActiveCfg = Debug|Win32
		{D45EC2C1-8F7B-4894-82C9-5045607F9ED6}.Debug|Win32.Build.0 = Debug|Win32
		{D45EC2C1-8F7B-4894-82C9-5045607F9ED6}.Release|Win32.ActiveCfg = Release|Win32
		{D45EC2C1-8F7B-4894-82C9-5045607F9ED6}.Release|Win32.Build.0 = Release|Win32
		{3CDC2A09-7B36-4167-BCD6-01C97F72F907}.Debug|Win32.ActiveCfg = Debug|Win32
		{3CDC2A09-7B36-4167-BCD6-01C97F72F907}.Debug|Win32.Build.0 = Debug|Win32
		{3CDC2A09-7B36-4167-BCD6-01C97F72F907}.Release|Win32.ActiveCfg = Release|Win32
		{3CDC2A09-7B36-4167-BCD6-01C97F72F907}.Release|Win32.Build.0 = Release|Win32
	EndGlobalSection
	GlobalSection(SolutionProperties) = preSolution
		HideSolutionNode = FALSE
	EndGlobalSection
EndGlobal
